
Microsoft Visual Studio Solution File, Format Version 12.00
# Visual Studio Version 18
VisualStudioVersion = 18.4.11620.152
MinimumVisualStudioVersion = 10.0.40219.1
Project("{FAE04EC0-301F-11D3-BF4B-00C04F79EFBC}") = "Proyecto_G4", "Proyecto_G4\Proyecto_G4.csproj", "{9C30C824-4E9D-4B50-9F69-7AEC02250BF0}"
EndProject
Project("{2150E333-8FDC-42A3-9474-1A3956D46DE8}") = "Elementos de la solución", "Elementos de la solución", "{0E0B0684-612D-442E-B931-4676E8EBC7BB}"
EndProject
Project("{FAE04EC0-301F-11D3-BF4B-00C04F79EFBC}") = "Capa_Entidad", "Capa_Entidad\Capa_Entidad.csproj", "{445A975F-15FB-4C16-811E-F7AD8EE3E431}"
EndProject
Project("{FAE04EC0-301F-11D3-BF4B-00C04F79EFBC}") = "Capa_Negocio", "Capa_Negocio\Capa_Negocio.csproj", "{BA4999B2-DD81-45CC-8504-3BC0B0C02D04}"
EndProject
Project("{FAE04EC0-301F-11D3-BF4B-00C04F79EFBC}") = "Capa_Datos", "Capa_Datos\Capa_Datos.csproj", "{91769308-66AB-48C3-9BA7-2EE597418E75}"
EndProject
Project("{FAE04EC0-301F-11D3-BF4B-00C04F79EFBC}") = "Proyecto_G4.Benchmarks", "Proyecto_G4.Benchmarks\Proyecto_G4.Benchmarks.csproj", "{401DDB94-3B3D-4C94-A518-095DD5F0572E}"
EndProject
Project("{FAE04EC0-301F-11D3-BF4B-00C04F79EFBC}") = "Proyecto_G4.PruebasEstres", "Proyecto_G4.PruebasEstres\Proyecto_G4.PruebasEstres.csproj", "{EEEC41F7-EE28-4A3E-9FD9-8581E0B6B611}"
EndProject
Project("{54435603-DBB4-11D2-8724-00A0C9A8B90C}") = "Loboru Sistema", "Loboru Sistema\Loboru Sistema.vdproj", "{DC3E2244-9AAA-54C0-543B-E3F64A71C5B9}"
EndProject
Global
	GlobalSection(SolutionConfigurationPlatforms) = preSolution
		Debug|Any CPU = Debug|Any CPU
		Release|Any CPU = Release|Any CPU
	EndGlobalSection
	GlobalSection(ProjectConfigurationPlatforms) = postSolution
		{9C30C824-4E9D-4B50-9F69-7AEC02250BF0}.Debug|Any CPU.ActiveCfg = Debug|Any CPU
		{9C30C824-4E9D-4B50-9F69-7AEC02250BF0}.Debug|Any CPU.Build.0 = Debug|Any CPU
		{9C30C824-4E9D-4B50-9F69-7AEC02250BF0}.Release|Any CPU.ActiveCfg = Release|Any CPU
		{9C30C824-4E9D-4B50-9F69-7AEC02250BF0}.Release|Any CPU.Build.0 = Release|Any CPU
		{445A975F-15FB-4C16-811E-F7AD8EE3E431}.Debug|Any CPU.ActiveCfg = Debug|Any CPU
		{445A975F-15FB-4C16-811E-F7AD8EE3E431}.Debug|Any CPU.Build.0 = Debug|Any CPU
		{445A975F-15FB-4C16-811E-F7AD8EE3E431}.Release|Any CPU.ActiveCfg = Release|Any CPU
		{445A975F-15FB-4C16-811E-F7AD8EE3E431}.Release|Any CPU.Build.0 = Release|Any CPU
		{BA4999B2-DD81-45CC-8504-3BC0B0C02D04}.Debug|Any CPU.ActiveCfg = Debug|Any CPU
		{BA4999B2-DD81-45CC-8504-3BC0B0C02D04}.Debug|Any CPU.Build.0 = Debug|Any CPU
		{BA4999B2-DD81-45CC-8504-3BC0B0C02D04}.Release|Any CPU.ActiveCfg = Release|Any CPU
		{BA4999B2-DD81-45CC-8504-3BC0B0C02D04}.Release|Any CPU.Build.0 = Release|Any CPU
		{91769308-66AB-48C3-9BA7-2EE597418E75}.Debug|Any CPU.ActiveCfg = Debug|Any CPU
		{91769308-66AB-48C3-9BA7-2EE597418E75}.Debug|Any CPU.Build.0 = Debug|Any CPU
		{91769308-66AB-48C3-9BA7-2EE597418E75}.Release|Any CPU.ActiveCfg = Release|Any CPU
		{91769308-66AB-48C3-9BA7-2EE597418E75}.Release|Any CPU.Build.0 = Release|Any CPU
		{401DDB94-3B3D-4C94-A518-095DD5F0572E}.Debug|Any CPU.ActiveCfg = Debug|Any CPU
		{401DDB94-3B3D-4C94-A518-095DD5F0572E}.Debug|Any CPU.Build.0 = Debug|Any CPU
		{401DDB94-3B3D-4C94-A518-095DD5F0572E}.Release|Any CPU.ActiveCfg = Release|Any CPU
		{401DDB94-3B3D-4C94-A518-095DD5F0572E}.Release|Any CPU.Build.0 = Release|Any CPU
		{EEEC41F7-EE28-4A3E-9FD9-8581E0B6B611}.Debug|Any CPU.ActiveCfg = Debug|Any CPU
		{EEEC41F7-EE28-4A3E-9FD9-8581E0B6B611}.Debug|Any CPU.Build.0 = Debug|Any CPU
		{EEEC41F7-EE28-4A3E-9FD9-8581E0B6B611}.Release|Any CPU.ActiveCfg = Release|Any CPU
		{EEEC41F7-EE28-4A3E-9FD9-8581E0B6B611}.Release|Any CPU.Build.0 = Release|Any CPU
		{DC3E2244-9AAA-54C0-543B-E3F64A71C5B9}.Debug|Any CPU.ActiveCfg = Debug
		{DC3E2244-9AAA-54C0-543B-E3F64A71C5B9}.Release|Any CPU.ActiveCfg = Release
	EndGlobalSection
	GlobalSection(SolutionProperties) = preSolution
		HideSolutionNode = FALSE
	EndGlobalSection
	GlobalSection(ExtensibilityGlobals) = postSolution
		SolutionGuid = {76F915AC-8B95-4C3F-A1F2-16A3758DDE69}
	EndGlobalSection
EndGlobal
